
Microsoft Visual Studio Solution File, Format Version 12.00
# Visual Studio Version 16
VisualStudioVersion = 16.0.810.9
MinimumVisualStudioVersion = 10.0.40219.1
Project("{FAE04EC0-301F-11D3-BF4B-00C04F79EFBC}") = "Movie Store", "Movie Store.csproj", "{591DAB9A-5D76-464C-B4C8-E3B0F2EC166B}"
EndProject
Global
	GlobalSection(SolutionConfigurationPlatforms) = preSolution
		Debug|Any CPU = Debug|Any CPU
		Release|Any CPU = Release|Any CPU
	EndGlobalSection
	GlobalSection(ProjectConfigurationPlatforms) = postSolution
		{591DAB9A-5D76-464C-B4C8-E3B0F2EC166B}.Debug|Any CPU.ActiveCfg = Debug|Any CPU
		{591DAB9A-5D76-464C-B4C8-E3B0F2EC166B}.Debug|Any CPU.Build.0 = Debug|Any CPU
		{591DAB9A-5D76-464C-B4C8-E3B0F2EC166B}.Release|Any CPU.ActiveCfg = Release|Any CPU
		{591DAB9A-5D76-464C-B4C8-E3B0F2EC166B}.Release|Any CPU.Build.0 = Release|Any CPU
	EndGlobalSection
	GlobalSection(SolutionProperties) = preSolution
		HideSolutionNode = FALSE
	EndGlobalSection
	GlobalSection(ExtensibilityGlobals) = postSolution
		SolutionGuid = {E3EC411C-25AE-4E27-BC32-AA5FDFC0007B}
	EndGlobalSection
EndGlobal
